
Microsoft Visual Studio Solution File, Format Version 12.00
# Visual Studio Version 16
VisualStudioVersion = 16.0.29409.12
MinimumVisualStudioVersion = 10.0.40219.1
Project("{9A19103F-16F7-4668-BE54-9A1E7A4F7556}") = "WebShop.DataAccess", "WebShop.DataAccess\WebShop.DataAccess.csproj", "{8CA78C86-5F0F-477A-9A14-EC6022245681}"
EndProject
Project("{9A19103F-16F7-4668-BE54-9A1E7A4F7556}") = "WebApi", "WebApi\WebApi.csproj", "{8879E782-076D-466D-8B7C-5C178F13553A}"
EndProject
Project("{FAE04EC0-301F-11D3-BF4B-00C04F79EFBC}") = "WebShop.BusinessLogic", "WebShop.BusinessLogic\WebShop.BusinessLogic.csproj", "{B6F2E8A6-11F1-45CD-B44B-CBEB7D14ED1F}"
EndProject
Global
	GlobalSection(SolutionConfigurationPlatforms) = preSolution
		Debug|Any CPU = Debug|Any CPU
		Release|Any CPU = Release|Any CPU
	EndGlobalSection
	GlobalSection(ProjectConfigurationPlatforms) = postSolution
		{8CA78C86-5F0F-477A-9A14-EC6022245681}.Debug|Any CPU.ActiveCfg = Debug|Any CPU
		{8CA78C86-5F0F-477A-9A14-EC6022245681}.Debug|Any CPU.Build.0 = Debug|Any CPU
		{8CA78C86-5F0F-477A-9A14-EC6022245681}.Release|Any CPU.ActiveCfg = Release|Any CPU
		{8CA78C86-5F0F-477A-9A14-EC6022245681}.Release|Any CPU.Build.0 = Release|Any CPU
		{8879E782-076D-466D-8B7C-5C178F13553A}.Debug|Any CPU.ActiveCfg = Debug|Any CPU
		{8879E782-076D-466D-8B7C-5C178F13553A}.Debug|Any CPU.Build.0 = Debug|Any CPU
		{8879E782-076D-466D-8B7C-5C178F13553A}.Release|Any CPU.ActiveCfg = Release|Any CPU
		{8879E782-076D-466D-8B7C-5C178F13553A}.Release|Any CPU.Build.0 = Release|Any CPU
		{B6F2E8A6-11F1-45CD-B44B-CBEB7D14ED1F}.Debug|Any CPU.ActiveCfg = Debug|Any CPU
		{B6F2E8A6-11F1-45CD-B44B-CBEB7D14ED1F}.Debug|Any CPU.Build.0 = Debug|Any CPU
		{B6F2E8A6-11F1-45CD-B44B-CBEB7D14ED1F}.Release|Any CPU.ActiveCfg = Release|Any CPU
		{B6F2E8A6-11F1-45CD-B44B-CBEB7D14ED1F}.Release|Any CPU.Build.0 = Release|Any CPU
	EndGlobalSection
	GlobalSection(SolutionProperties) = preSolution
		HideSolutionNode = FALSE
	EndGlobalSection
	GlobalSection(ExtensibilityGlobals) = postSolution
		SolutionGuid = {5C5FA5D1-60F4-44C0-8E19-59B2ED9BDB81}
	EndGlobalSection
EndGlobal
